
Microsoft Visual Studio Solution File, Format Version 12.00
# Visual Studio Version 16
VisualStudioVersion = 16.0.31702.278
MinimumVisualStudioVersion = 10.0.40219.1
Project("{FAE04EC0-301F-11D3-BF4B-00C04F79EFBC}") = "ApiCatalogoJogos", "ApiCatalogoJogos\ApiCatalogoJogos.csproj", "{A55B26A2-5B3D-40C3-AB05-4511DA0DA631}"
EndProject
Global
	GlobalSection(SolutionConfigurationPlatforms) = preSolution
		Debug|Any CPU = Debug|Any CPU
		Release|Any CPU = Release|Any CPU
	EndGlobalSection
	GlobalSection(ProjectConfigurationPlatforms) = postSolution
		{A55B26A2-5B3D-40C3-AB05-4511DA0DA631}.Debug|Any CPU.ActiveCfg = Debug|Any CPU
		{A55B26A2-5B3D-40C3-AB05-4511DA0DA631}.Debug|Any CPU.Build.0 = Debug|Any CPU
		{A55B26A2-5B3D-40C3-AB05-4511DA0DA631}.Release|Any CPU.ActiveCfg = Release|Any CPU
		{A55B26A2-5B3D-40C3-AB05-4511DA0DA631}.Release|Any CPU.Build.0 = Release|Any CPU
	EndGlobalSection
	GlobalSection(SolutionProperties) = preSolution
		HideSolutionNode = FALSE
	EndGlobalSection
	GlobalSection(ExtensibilityGlobals) = postSolution
		SolutionGuid = {EEF281C8-C143-4A0F-91A4-39B3A5A419E6}
	EndGlobalSection
EndGlobal
